
Microsoft Visual Studio Solution File, Format Version 12.00
# Visual Studio Version 16
VisualStudioVersion = 16.0.33529.622
MinimumVisualStudioVersion = 10.0.40219.1
Project("{31323E26-21BA-46C7-83CD-1B2F8E4E8CF9}") = "MONSTERMC SPOOFER NEW", "MONSTERMC SPOOFER NEW\MONSTERMC SPOOFER NEW.vbproj", "{28EB4956-E75E-485B-9ADA-FAB0C4B23307}"
EndProject
Global
	GlobalSection(SolutionConfigurationPlatforms) = preSolution
		Debug|Any CPU = Debug|Any CPU
		Release|Any CPU = Release|Any CPU
	EndGlobalSection
	GlobalSection(ProjectConfigurationPlatforms) = postSolution
		{28EB4956-E75E-485B-9ADA-FAB0C4B23307}.Debug|Any CPU.ActiveCfg = Debug|Any CPU
		{28EB4956-E75E-485B-9ADA-FAB0C4B23307}.Debug|Any CPU.Build.0 = Debug|Any CPU
		{28EB4956-E75E-485B-9ADA-FAB0C4B23307}.Release|Any CPU.ActiveCfg = Release|Any CPU
		{28EB4956-E75E-485B-9ADA-FAB0C4B23307}.Release|Any CPU.Build.0 = Release|Any CPU
	EndGlobalSection
	GlobalSection(SolutionProperties) = preSolution
		HideSolutionNode = FALSE
	EndGlobalSection
	GlobalSection(ExtensibilityGlobals) = postSolution
		SolutionGuid = {98ED3CE2-A622-4CD7-B8E8-53B15D29D8F0}
	EndGlobalSection
EndGlobal
